<?xml version="1.0" encoding="utf-8"?>
<Project ToolsVersion="4.0" xmlns="http://schemas.microsoft.com/developer/msbuild/2003">
  <ItemGroup>
    <Filter Include="源文件">
      <UniqueIdentifier>{4FC737F1-C7A5-4376-A066-2A32D752A2FF}</UniqueIdentifier>
      <Extensions>cpp;c;cc;cxx;def;odl;idl;hpj;bat;asm;asmx</Extensions>
    </Filter>
    <Filter Include="头文件">
      <UniqueIdentifier>{93995380-89BD-4b04-88EB-625FBE52EBFB}</UniqueIdentifier>
      <Extensions>h;hh;hpp;hxx;hm;inl;inc;ipp;xsd</Extensions>
    </Filter>
    <Filter Include="资源文件">
      <UniqueIdentifier>{67DA6AB6-F800-4c08-8B7A-83BB121AAD01}</UniqueIdentifier>
      <Extensions>rc;ico;cur;bmp;dlg;rc2;rct;bin;rgs;gif;jpg;jpeg;jpe;resx;tiff;tif;png;wav;mfcribbon-ms</Extensions>
    </Filter>
    <Filter Include="class">
      <UniqueIdentifier>{a3844698-1775-41f2-9918-2d3ae12f5eec}</UniqueIdentifier>
    </Filter>
    <Filter Include="class\actor_net">
      <UniqueIdentifier>{f0ded699-fe33-4c88-8a66-eebefe267973}</UniqueIdentifier>
    </Filter>
    <Filter Include="class\common">
      <UniqueIdentifier>{ed8b9244-6765-4354-a808-b8bbcfd083ae}</UniqueIdentifier>
    </Filter>
    <Filter Include="class\network">
      <UniqueIdentifier>{b177aae9-f82b-4ab6-950f-349b930ca50e}</UniqueIdentifier>
    </Filter>
  </ItemGroup>
  <ItemGroup>
    <ClCompile Include="class\main.cpp">
      <Filter>class</Filter>
    </ClCompile>
    <ClCompile Include="class\network\Message.cpp">
      <Filter>class\network</Filter>
    </ClCompile>
    <ClCompile Include="class\network\Session.cpp">
      <Filter>class\network</Filter>
    </ClCompile>
    <ClCompile Include="class\network\Timer.cpp">
      <Filter>class\network</Filter>
    </ClCompile>
    <ClCompile Include="class\network\network.cpp">
      <Filter>class\network</Filter>
    </ClCompile>
    <ClCompile Include="class\actor_net\ActorNet.cpp">
      <Filter>class\actor_net</Filter>
    </ClCompile>
    <ClCompile Include="class\common\Singleton.cpp">
      <Filter>class\common</Filter>
    </ClCompile>
    <ClCompile Include="class\actor_net\ActorLoader.cpp">
      <Filter>class\actor_net</Filter>
    </ClCompile>
    <ClCompile Include="class\actor_net\MessageCore.cpp">
      <Filter>class\actor_net</Filter>
    </ClCompile>
  </ItemGroup>
  <ItemGroup>
    <ClInclude Include="class\actor_net\ActorNet.h">
      <Filter>class\actor_net</Filter>
    </ClInclude>
    <ClInclude Include="class\common\typedef.h">
      <Filter>class\common</Filter>
    </ClInclude>
    <ClInclude Include="class\network\Message.h">
      <Filter>class\network</Filter>
    </ClInclude>
    <ClInclude Include="class\network\Session.h">
      <Filter>class\network</Filter>
    </ClInclude>
    <ClInclude Include="class\network\Timer.h">
      <Filter>class\network</Filter>
    </ClInclude>
    <ClInclude Include="class\network\network.h">
      <Filter>class\network</Filter>
    </ClInclude>
    <ClInclude Include="class\network\ISessionHandler.h">
      <Filter>class\network</Filter>
    </ClInclude>
    <ClInclude Include="ActoreMessage.h">
      <Filter>class\actor_net</Filter>
    </ClInclude>
    <ClInclude Include="class\actor_net\IActor.h">
      <Filter>class\actor_net</Filter>
    </ClInclude>
    <ClInclude Include="class\common\Singleton.h">
      <Filter>class\common</Filter>
    </ClInclude>
    <ClInclude Include="class\actor_net\ActorLoader.h">
      <Filter>class\actor_net</Filter>
    </ClInclude>
    <ClInclude Include="class\actor_net\MessageCore.h">
      <Filter>class\actor_net</Filter>
    </ClInclude>
    <ClInclude Include="class\actor_net\ActorMessage.h">
      <Filter>class\actor_net</Filter>
    </ClInclude>
  </ItemGroup>
</Project>