
Microsoft Visual Studio Solution File, Format Version 12.00
# Visual Studio 15
VisualStudioVersion = 15.0.27703.2026
MinimumVisualStudioVersion = 10.0.40219.1
Project("{8BC9CEB8-8B4A-11D0-8D11-00A0C91BC942}") = "ActorNet", "ActorNet\ActorNet.vcxproj", "{2F3C8D25-FA3D-4B0D-949C-7A5339C10F73}"
EndProject
Project("{8BC9CEB8-8B4A-11D0-8D11-00A0C91BC942}") = "EmptyActor", "EmptyActor\EmptyActor.vcxproj", "{98A71AE1-5937-4A11-81B3-2AD10014C1F9}"
EndProject
Project("{8BC9CEB8-8B4A-11D0-8D11-00A0C91BC942}") = "LogActor", "LogActor\LogActor.vcxproj", "{04307DFF-25B7-438F-AA31-018A97877339}"
EndProject
Project("{8BC9CEB8-8B4A-11D0-8D11-00A0C91BC942}") = "StartActor", "StartActor\StartActor.vcxproj", "{0F0C4F8E-D54C-45D2-9CDB-7CF2E2E02ECD}"
EndProject
Project("{8BC9CEB8-8B4A-11D0-8D11-00A0C91BC942}") = "MasterActor", "MasterActor\MasterActor.vcxproj", "{31C762CA-2380-4897-BCCD-9D8EFB8FC273}"
EndProject
Global
	GlobalSection(SolutionConfigurationPlatforms) = preSolution
		Debug|x64 = Debug|x64
		Debug|x86 = Debug|x86
		Release|x64 = Release|x64
		Release|x86 = Release|x86
	EndGlobalSection
	GlobalSection(ProjectConfigurationPlatforms) = postSolution
		{2F3C8D25-FA3D-4B0D-949C-7A5339C10F73}.Debug|x64.ActiveCfg = Debug|x64
		{2F3C8D25-FA3D-4B0D-949C-7A5339C10F73}.Debug|x64.Build.0 = Debug|x64
		{2F3C8D25-FA3D-4B0D-949C-7A5339C10F73}.Debug|x86.ActiveCfg = Debug|Win32
		{2F3C8D25-FA3D-4B0D-949C-7A5339C10F73}.Debug|x86.Build.0 = Debug|Win32
		{2F3C8D25-FA3D-4B0D-949C-7A5339C10F73}.Release|x64.ActiveCfg = Release|x64
		{2F3C8D25-FA3D-4B0D-949C-7A5339C10F73}.Release|x64.Build.0 = Release|x64
		{2F3C8D25-FA3D-4B0D-949C-7A5339C10F73}.Release|x86.ActiveCfg = Release|Win32
		{2F3C8D25-FA3D-4B0D-949C-7A5339C10F73}.Release|x86.Build.0 = Release|Win32
		{98A71AE1-5937-4A11-81B3-2AD10014C1F9}.Debug|x64.ActiveCfg = Debug|x64
		{98A71AE1-5937-4A11-81B3-2AD10014C1F9}.Debug|x64.Build.0 = Debug|x64
		{98A71AE1-5937-4A11-81B3-2AD10014C1F9}.Debug|x86.ActiveCfg = Debug|Win32
		{98A71AE1-5937-4A11-81B3-2AD10014C1F9}.Debug|x86.Build.0 = Debug|Win32
		{98A71AE1-5937-4A11-81B3-2AD10014C1F9}.Release|x64.ActiveCfg = Release|x64
		{98A71AE1-5937-4A11-81B3-2AD10014C1F9}.Release|x64.Build.0 = Release|x64
		{98A71AE1-5937-4A11-81B3-2AD10014C1F9}.Release|x86.ActiveCfg = Release|Win32
		{98A71AE1-5937-4A11-81B3-2AD10014C1F9}.Release|x86.Build.0 = Release|Win32
		{04307DFF-25B7-438F-AA31-018A97877339}.Debug|x64.ActiveCfg = Debug|x64
		{04307DFF-25B7-438F-AA31-018A97877339}.Debug|x64.Build.0 = Debug|x64
		{04307DFF-25B7-438F-AA31-018A97877339}.Debug|x86.ActiveCfg = Debug|Win32
		{04307DFF-25B7-438F-AA31-018A97877339}.Debug|x86.Build.0 = Debug|Win32
		{04307DFF-25B7-438F-AA31-018A97877339}.Release|x64.ActiveCfg = Release|x64
		{04307DFF-25B7-438F-AA31-018A97877339}.Release|x64.Build.0 = Release|x64
		{04307DFF-25B7-438F-AA31-018A97877339}.Release|x86.ActiveCfg = Release|Win32
		{04307DFF-25B7-438F-AA31-018A97877339}.Release|x86.Build.0 = Release|Win32
		{0F0C4F8E-D54C-45D2-9CDB-7CF2E2E02ECD}.Debug|x64.ActiveCfg = Debug|x64
		{0F0C4F8E-D54C-45D2-9CDB-7CF2E2E02ECD}.Debug|x64.Build.0 = Debug|x64
		{0F0C4F8E-D54C-45D2-9CDB-7CF2E2E02ECD}.Debug|x86.ActiveCfg = Debug|Win32
		{0F0C4F8E-D54C-45D2-9CDB-7CF2E2E02ECD}.Debug|x86.Build.0 = Debug|Win32
		{0F0C4F8E-D54C-45D2-9CDB-7CF2E2E02ECD}.Release|x64.ActiveCfg = Release|x64
		{0F0C4F8E-D54C-45D2-9CDB-7CF2E2E02ECD}.Release|x64.Build.0 = Release|x64
		{0F0C4F8E-D54C-45D2-9CDB-7CF2E2E02ECD}.Release|x86.ActiveCfg = Release|Win32
		{0F0C4F8E-D54C-45D2-9CDB-7CF2E2E02ECD}.Release|x86.Build.0 = Release|Win32
		{31C762CA-2380-4897-BCCD-9D8EFB8FC273}.Debug|x64.ActiveCfg = Debug|x64
		{31C762CA-2380-4897-BCCD-9D8EFB8FC273}.Debug|x64.Build.0 = Debug|x64
		{31C762CA-2380-4897-BCCD-9D8EFB8FC273}.Debug|x86.ActiveCfg = Debug|Win32
		{31C762CA-2380-4897-BCCD-9D8EFB8FC273}.Debug|x86.Build.0 = Debug|Win32
		{31C762CA-2380-4897-BCCD-9D8EFB8FC273}.Release|x64.ActiveCfg = Release|x64
		{31C762CA-2380-4897-BCCD-9D8EFB8FC273}.Release|x64.Build.0 = Release|x64
		{31C762CA-2380-4897-BCCD-9D8EFB8FC273}.Release|x86.ActiveCfg = Release|Win32
		{31C762CA-2380-4897-BCCD-9D8EFB8FC273}.Release|x86.Build.0 = Release|Win32
	EndGlobalSection
	GlobalSection(SolutionProperties) = preSolution
		HideSolutionNode = FALSE
	EndGlobalSection
	GlobalSection(ExtensibilityGlobals) = postSolution
		SolutionGuid = {AD829F17-1521-4BFD-9DB4-EF37B51D524F}
	EndGlobalSection
EndGlobal
